
Microsoft Visual Studio Solution File, Format Version 12.00
# Visual Studio Version 16
VisualStudioVersion = 16.0.31112.23
MinimumVisualStudioVersion = 10.0.40219.1
Project("{FAE04EC0-301F-11D3-BF4B-00C04F79EFBC}") = "FixedFloatApi", "FixedFloatApi\FixedFloatApi.csproj", "{FF93FE08-A872-4753-9C0C-176B2E62478A}"
EndProject
Project("{FAE04EC0-301F-11D3-BF4B-00C04F79EFBC}") = "UnitTests", "UnitTests\UnitTests.csproj", "{1EB37DB0-E0F5-49B3-ADA9-404AFEEE17B9}"
EndProject
Global
	GlobalSection(SolutionConfigurationPlatforms) = preSolution
		Debug|Any CPU = Debug|Any CPU
		Release|Any CPU = Release|Any CPU
	EndGlobalSection
	GlobalSection(ProjectConfigurationPlatforms) = postSolution
		{FF93FE08-A872-4753-9C0C-176B2E62478A}.Debug|Any CPU.ActiveCfg = Debug|Any CPU
		{FF93FE08-A872-4753-9C0C-176B2E62478A}.Debug|Any CPU.Build.0 = Debug|Any CPU
		{FF93FE08-A872-4753-9C0C-176B2E62478A}.Release|Any CPU.ActiveCfg = Release|Any CPU
		{FF93FE08-A872-4753-9C0C-176B2E62478A}.Release|Any CPU.Build.0 = Release|Any CPU
		{1EB37DB0-E0F5-49B3-ADA9-404AFEEE17B9}.Debug|Any CPU.ActiveCfg = Debug|Any CPU
		{1EB37DB0-E0F5-49B3-ADA9-404AFEEE17B9}.Debug|Any CPU.Build.0 = Debug|Any CPU
		{1EB37DB0-E0F5-49B3-ADA9-404AFEEE17B9}.Release|Any CPU.ActiveCfg = Release|Any CPU
		{1EB37DB0-E0F5-49B3-ADA9-404AFEEE17B9}.Release|Any CPU.Build.0 = Release|Any CPU
	EndGlobalSection
	GlobalSection(SolutionProperties) = preSolution
		HideSolutionNode = FALSE
	EndGlobalSection
	GlobalSection(ExtensibilityGlobals) = postSolution
		SolutionGuid = {C238EE2A-225E-4CA6-A30A-2E738B0FAE32}
	EndGlobalSection
EndGlobal
